
Microsoft Visual Studio Solution File, Format Version 12.00
# Visual Studio 14
VisualStudioVersion = 14.0.25420.1
MinimumVisualStudioVersion = 10.0.40219.1
Project("{FAE04EC0-301F-11D3-BF4B-00C04F79EFBC}") = "C16 Ex01 Yoni 301812095 Idan 301911103", "C16 Ex01 Yoni 301812095 Idan 301911103\C16 Ex01 Yoni 301812095 Idan 301911103.csproj", "{6F794B36-423C-4CE9-8A6B-68C5F31BDA8B}"
EndProject
Global
	GlobalSection(SolutionConfigurationPlatforms) = preSolution
		Debug|Any CPU = Debug|Any CPU
		Release|Any CPU = Release|Any CPU
	EndGlobalSection
	GlobalSection(ProjectConfigurationPlatforms) = postSolution
		{6F794B36-423C-4CE9-8A6B-68C5F31BDA8B}.Debug|Any CPU.ActiveCfg = Debug|Any CPU
		{6F794B36-423C-4CE9-8A6B-68C5F31BDA8B}.Debug|Any CPU.Build.0 = Debug|Any CPU
		{6F794B36-423C-4CE9-8A6B-68C5F31BDA8B}.Release|Any CPU.ActiveCfg = Release|Any CPU
		{6F794B36-423C-4CE9-8A6B-68C5F31BDA8B}.Release|Any CPU.Build.0 = Release|Any CPU
	EndGlobalSection
	GlobalSection(SolutionProperties) = preSolution
		HideSolutionNode = FALSE
	EndGlobalSection
EndGlobal
